
Microsoft Visual Studio Solution File, Format Version 12.00
# Visual Studio Version 16
VisualStudioVersion = 16.0.30907.101
MinimumVisualStudioVersion = 10.0.40219.1
Project("{FAE04EC0-301F-11D3-BF4B-00C04F79EFBC}") = "ArraysAndLists", "ArraysAndLists.csproj", "{93C3A114-B305-4DEF-9042-CD3B6935B4CE}"
EndProject
Global
	GlobalSection(SolutionConfigurationPlatforms) = preSolution
		Debug|Any CPU = Debug|Any CPU
		Release|Any CPU = Release|Any CPU
	EndGlobalSection
	GlobalSection(ProjectConfigurationPlatforms) = postSolution
		{93C3A114-B305-4DEF-9042-CD3B6935B4CE}.Debug|Any CPU.ActiveCfg = Debug|Any CPU
		{93C3A114-B305-4DEF-9042-CD3B6935B4CE}.Debug|Any CPU.Build.0 = Debug|Any CPU
		{93C3A114-B305-4DEF-9042-CD3B6935B4CE}.Release|Any CPU.ActiveCfg = Release|Any CPU
		{93C3A114-B305-4DEF-9042-CD3B6935B4CE}.Release|Any CPU.Build.0 = Release|Any CPU
	EndGlobalSection
	GlobalSection(SolutionProperties) = preSolution
		HideSolutionNode = FALSE
	EndGlobalSection
	GlobalSection(ExtensibilityGlobals) = postSolution
		SolutionGuid = {549383BE-38F3-4E9C-ABF5-207D544CC223}
	EndGlobalSection
EndGlobal
