
Microsoft Visual Studio Solution File, Format Version 12.00
# Visual Studio Version 16
VisualStudioVersion = 16.0.30907.101
MinimumVisualStudioVersion = 10.0.40219.1
Project("{FAE04EC0-301F-11D3-BF4B-00C04F79EFBC}") = "whileStatementAssignment", "whileStatementAssignment.csproj", "{1356D3CE-0745-4E59-A3C7-80B6096EC5FD}"
EndProject
Global
	GlobalSection(SolutionConfigurationPlatforms) = preSolution
		Debug|Any CPU = Debug|Any CPU
		Release|Any CPU = Release|Any CPU
	EndGlobalSection
	GlobalSection(ProjectConfigurationPlatforms) = postSolution
		{1356D3CE-0745-4E59-A3C7-80B6096EC5FD}.Debug|Any CPU.ActiveCfg = Debug|Any CPU
		{1356D3CE-0745-4E59-A3C7-80B6096EC5FD}.Debug|Any CPU.Build.0 = Debug|Any CPU
		{1356D3CE-0745-4E59-A3C7-80B6096EC5FD}.Release|Any CPU.ActiveCfg = Release|Any CPU
		{1356D3CE-0745-4E59-A3C7-80B6096EC5FD}.Release|Any CPU.Build.0 = Release|Any CPU
	EndGlobalSection
	GlobalSection(SolutionProperties) = preSolution
		HideSolutionNode = FALSE
	EndGlobalSection
	GlobalSection(ExtensibilityGlobals) = postSolution
		SolutionGuid = {9DAEC0E6-96EC-4A20-B7A0-738FCE96960B}
	EndGlobalSection
EndGlobal
