
Microsoft Visual Studio Solution File, Format Version 12.00
# Visual Studio Version 16
VisualStudioVersion = 16.0.30907.101
MinimumVisualStudioVersion = 10.0.40219.1
Project("{FAE04EC0-301F-11D3-BF4B-00C04F79EFBC}") = "MathOperationsAssign", "MathOperationsAssign.csproj", "{309E2857-94C1-4A3D-84D9-0B408FE6C027}"
EndProject
Global
	GlobalSection(SolutionConfigurationPlatforms) = preSolution
		Debug|Any CPU = Debug|Any CPU
		Release|Any CPU = Release|Any CPU
	EndGlobalSection
	GlobalSection(ProjectConfigurationPlatforms) = postSolution
		{309E2857-94C1-4A3D-84D9-0B408FE6C027}.Debug|Any CPU.ActiveCfg = Debug|Any CPU
		{309E2857-94C1-4A3D-84D9-0B408FE6C027}.Debug|Any CPU.Build.0 = Debug|Any CPU
		{309E2857-94C1-4A3D-84D9-0B408FE6C027}.Release|Any CPU.ActiveCfg = Release|Any CPU
		{309E2857-94C1-4A3D-84D9-0B408FE6C027}.Release|Any CPU.Build.0 = Release|Any CPU
	EndGlobalSection
	GlobalSection(SolutionProperties) = preSolution
		HideSolutionNode = FALSE
	EndGlobalSection
	GlobalSection(ExtensibilityGlobals) = postSolution
		SolutionGuid = {1D0D5AFA-656C-4520-9DFD-0306E7BA7FFA}
	EndGlobalSection
EndGlobal
