
Microsoft Visual Studio Solution File, Format Version 12.00
# Visual Studio Version 16
VisualStudioVersion = 16.0.30907.101
MinimumVisualStudioVersion = 10.0.40219.1
Project("{FAE04EC0-301F-11D3-BF4B-00C04F79EFBC}") = "IfElseStatementsPractice", "IfElseStatementsPractice.csproj", "{2167FC60-00BF-48D5-BE3A-917959CAAE78}"
EndProject
Global
	GlobalSection(SolutionConfigurationPlatforms) = preSolution
		Debug|Any CPU = Debug|Any CPU
		Release|Any CPU = Release|Any CPU
	EndGlobalSection
	GlobalSection(ProjectConfigurationPlatforms) = postSolution
		{2167FC60-00BF-48D5-BE3A-917959CAAE78}.Debug|Any CPU.ActiveCfg = Debug|Any CPU
		{2167FC60-00BF-48D5-BE3A-917959CAAE78}.Debug|Any CPU.Build.0 = Debug|Any CPU
		{2167FC60-00BF-48D5-BE3A-917959CAAE78}.Release|Any CPU.ActiveCfg = Release|Any CPU
		{2167FC60-00BF-48D5-BE3A-917959CAAE78}.Release|Any CPU.Build.0 = Release|Any CPU
	EndGlobalSection
	GlobalSection(SolutionProperties) = preSolution
		HideSolutionNode = FALSE
	EndGlobalSection
	GlobalSection(ExtensibilityGlobals) = postSolution
		SolutionGuid = {A1B2B8AF-10E2-40A1-9336-4D37CD35E821}
	EndGlobalSection
EndGlobal
