
Microsoft Visual Studio Solution File, Format Version 12.00
# Visual Studio Version 16
VisualStudioVersion = 16.0.30907.101
MinimumVisualStudioVersion = 10.0.40219.1
Project("{FAE04EC0-301F-11D3-BF4B-00C04F79EFBC}") = "CarInsurance", "CarInsurance.csproj", "{ABB07ED7-5867-4E48-BE3D-97910C91A510}"
EndProject
Global
	GlobalSection(SolutionConfigurationPlatforms) = preSolution
		Debug|Any CPU = Debug|Any CPU
		Release|Any CPU = Release|Any CPU
	EndGlobalSection
	GlobalSection(ProjectConfigurationPlatforms) = postSolution
		{ABB07ED7-5867-4E48-BE3D-97910C91A510}.Debug|Any CPU.ActiveCfg = Debug|Any CPU
		{ABB07ED7-5867-4E48-BE3D-97910C91A510}.Debug|Any CPU.Build.0 = Debug|Any CPU
		{ABB07ED7-5867-4E48-BE3D-97910C91A510}.Release|Any CPU.ActiveCfg = Release|Any CPU
		{ABB07ED7-5867-4E48-BE3D-97910C91A510}.Release|Any CPU.Build.0 = Release|Any CPU
	EndGlobalSection
	GlobalSection(SolutionProperties) = preSolution
		HideSolutionNode = FALSE
	EndGlobalSection
	GlobalSection(ExtensibilityGlobals) = postSolution
		SolutionGuid = {6EF1FC59-3257-4A62-B7FB-F200A015C549}
	EndGlobalSection
EndGlobal
