
Microsoft Visual Studio Solution File, Format Version 12.00
# Visual Studio Version 16
VisualStudioVersion = 16.0.30907.101
MinimumVisualStudioVersion = 10.0.40219.1
Project("{FAE04EC0-301F-11D3-BF4B-00C04F79EFBC}") = "AcmeAccounting", "AcmeAccounting.csproj", "{64BC7A1A-9C0C-4D08-AA51-72943CC787ED}"
EndProject
Global
	GlobalSection(SolutionConfigurationPlatforms) = preSolution
		Debug|Any CPU = Debug|Any CPU
		Release|Any CPU = Release|Any CPU
	EndGlobalSection
	GlobalSection(ProjectConfigurationPlatforms) = postSolution
		{64BC7A1A-9C0C-4D08-AA51-72943CC787ED}.Debug|Any CPU.ActiveCfg = Debug|Any CPU
		{64BC7A1A-9C0C-4D08-AA51-72943CC787ED}.Debug|Any CPU.Build.0 = Debug|Any CPU
		{64BC7A1A-9C0C-4D08-AA51-72943CC787ED}.Release|Any CPU.ActiveCfg = Release|Any CPU
		{64BC7A1A-9C0C-4D08-AA51-72943CC787ED}.Release|Any CPU.Build.0 = Release|Any CPU
	EndGlobalSection
	GlobalSection(SolutionProperties) = preSolution
		HideSolutionNode = FALSE
	EndGlobalSection
	GlobalSection(ExtensibilityGlobals) = postSolution
		SolutionGuid = {505FBC4F-17D9-44D8-9DC2-25F2AA42FA8C}
	EndGlobalSection
EndGlobal
