
Microsoft Visual Studio Solution File, Format Version 12.00
# Visual Studio Version 16
VisualStudioVersion = 16.0.30907.101
MinimumVisualStudioVersion = 10.0.40219.1
Project("{FAE04EC0-301F-11D3-BF4B-00C04F79EFBC}") = "myConsoleProject.cs", "myConsoleProject.cs.csproj", "{26CFB440-17AE-4A27-88F8-FC81A4AAE4B2}"
EndProject
Global
	GlobalSection(SolutionConfigurationPlatforms) = preSolution
		Debug|Any CPU = Debug|Any CPU
		Release|Any CPU = Release|Any CPU
	EndGlobalSection
	GlobalSection(ProjectConfigurationPlatforms) = postSolution
		{26CFB440-17AE-4A27-88F8-FC81A4AAE4B2}.Debug|Any CPU.ActiveCfg = Debug|Any CPU
		{26CFB440-17AE-4A27-88F8-FC81A4AAE4B2}.Debug|Any CPU.Build.0 = Debug|Any CPU
		{26CFB440-17AE-4A27-88F8-FC81A4AAE4B2}.Release|Any CPU.ActiveCfg = Release|Any CPU
		{26CFB440-17AE-4A27-88F8-FC81A4AAE4B2}.Release|Any CPU.Build.0 = Release|Any CPU
	EndGlobalSection
	GlobalSection(SolutionProperties) = preSolution
		HideSolutionNode = FALSE
	EndGlobalSection
	GlobalSection(ExtensibilityGlobals) = postSolution
		SolutionGuid = {927D6B56-C096-4631-9D85-80E24AB8980B}
	EndGlobalSection
EndGlobal
