
Microsoft Visual Studio Solution File, Format Version 12.00
# Visual Studio Version 16
VisualStudioVersion = 16.0.30907.101
MinimumVisualStudioVersion = 10.0.40219.1
Project("{FAE04EC0-301F-11D3-BF4B-00C04F79EFBC}") = "MathOperations", "MathOperations.csproj", "{C8DDBB4B-100F-4762-B0A4-56A6E99B396B}"
EndProject
Global
	GlobalSection(SolutionConfigurationPlatforms) = preSolution
		Debug|Any CPU = Debug|Any CPU
		Release|Any CPU = Release|Any CPU
	EndGlobalSection
	GlobalSection(ProjectConfigurationPlatforms) = postSolution
		{C8DDBB4B-100F-4762-B0A4-56A6E99B396B}.Debug|Any CPU.ActiveCfg = Debug|Any CPU
		{C8DDBB4B-100F-4762-B0A4-56A6E99B396B}.Debug|Any CPU.Build.0 = Debug|Any CPU
		{C8DDBB4B-100F-4762-B0A4-56A6E99B396B}.Release|Any CPU.ActiveCfg = Release|Any CPU
		{C8DDBB4B-100F-4762-B0A4-56A6E99B396B}.Release|Any CPU.Build.0 = Release|Any CPU
	EndGlobalSection
	GlobalSection(SolutionProperties) = preSolution
		HideSolutionNode = FALSE
	EndGlobalSection
	GlobalSection(ExtensibilityGlobals) = postSolution
		SolutionGuid = {BDAAFD5A-1AC8-4E17-9FA2-305961405790}
	EndGlobalSection
EndGlobal
