
Microsoft Visual Studio Solution File, Format Version 12.00
# Visual Studio Version 16
VisualStudioVersion = 16.0.30907.101
MinimumVisualStudioVersion = 10.0.40219.1
Project("{FAE04EC0-301F-11D3-BF4B-00C04F79EFBC}") = "BooleanLogic", "BooleanLogic.csproj", "{862148FB-A619-4AE1-A6CE-C962D10C6141}"
EndProject
Global
	GlobalSection(SolutionConfigurationPlatforms) = preSolution
		Debug|Any CPU = Debug|Any CPU
		Release|Any CPU = Release|Any CPU
	EndGlobalSection
	GlobalSection(ProjectConfigurationPlatforms) = postSolution
		{862148FB-A619-4AE1-A6CE-C962D10C6141}.Debug|Any CPU.ActiveCfg = Debug|Any CPU
		{862148FB-A619-4AE1-A6CE-C962D10C6141}.Debug|Any CPU.Build.0 = Debug|Any CPU
		{862148FB-A619-4AE1-A6CE-C962D10C6141}.Release|Any CPU.ActiveCfg = Release|Any CPU
		{862148FB-A619-4AE1-A6CE-C962D10C6141}.Release|Any CPU.Build.0 = Release|Any CPU
	EndGlobalSection
	GlobalSection(SolutionProperties) = preSolution
		HideSolutionNode = FALSE
	EndGlobalSection
	GlobalSection(ExtensibilityGlobals) = postSolution
		SolutionGuid = {92C99788-D534-44F4-A0DC-55E1E9C24E91}
	EndGlobalSection
EndGlobal
