
Microsoft Visual Studio Solution File, Format Version 12.00
# Visual Studio Version 16
VisualStudioVersion = 16.0.30907.101
MinimumVisualStudioVersion = 10.0.40219.1
Project("{FAE04EC0-301F-11D3-BF4B-00C04F79EFBC}") = "MethodAndClassesOverload", "MethodAndClassesOverload.csproj", "{BC57868F-8723-4173-8E15-CC45D8554E31}"
EndProject
Global
	GlobalSection(SolutionConfigurationPlatforms) = preSolution
		Debug|Any CPU = Debug|Any CPU
		Release|Any CPU = Release|Any CPU
	EndGlobalSection
	GlobalSection(ProjectConfigurationPlatforms) = postSolution
		{BC57868F-8723-4173-8E15-CC45D8554E31}.Debug|Any CPU.ActiveCfg = Debug|Any CPU
		{BC57868F-8723-4173-8E15-CC45D8554E31}.Debug|Any CPU.Build.0 = Debug|Any CPU
		{BC57868F-8723-4173-8E15-CC45D8554E31}.Release|Any CPU.ActiveCfg = Release|Any CPU
		{BC57868F-8723-4173-8E15-CC45D8554E31}.Release|Any CPU.Build.0 = Release|Any CPU
	EndGlobalSection
	GlobalSection(SolutionProperties) = preSolution
		HideSolutionNode = FALSE
	EndGlobalSection
	GlobalSection(ExtensibilityGlobals) = postSolution
		SolutionGuid = {5346981F-DEAD-4865-8B77-05B5F0B91809}
	EndGlobalSection
EndGlobal
